
Microsoft Visual Studio Solution File, Format Version 12.00
# Visual Studio 15
VisualStudioVersion = 15.0.28010.2019
MinimumVisualStudioVersion = 10.0.40219.1
Project("{FAE04EC0-301F-11D3-BF4B-00C04F79EFBC}") = "DataCoffeeBar", "WindowsFormsApp1\DataCoffeeBar.csproj", "{A3D8CF22-B98D-467A-991B-156806EC36FC}"
EndProject
Global
	GlobalSection(SolutionConfigurationPlatforms) = preSolution
		Debug|Any CPU = Debug|Any CPU
		Release|Any CPU = Release|Any CPU
	EndGlobalSection
	GlobalSection(ProjectConfigurationPlatforms) = postSolution
		{A3D8CF22-B98D-467A-991B-156806EC36FC}.Debug|Any CPU.ActiveCfg = Debug|Any CPU
		{A3D8CF22-B98D-467A-991B-156806EC36FC}.Debug|Any CPU.Build.0 = Debug|Any CPU
		{A3D8CF22-B98D-467A-991B-156806EC36FC}.Release|Any CPU.ActiveCfg = Release|Any CPU
		{A3D8CF22-B98D-467A-991B-156806EC36FC}.Release|Any CPU.Build.0 = Release|Any CPU
	EndGlobalSection
	GlobalSection(SolutionProperties) = preSolution
		HideSolutionNode = FALSE
	EndGlobalSection
	GlobalSection(ExtensibilityGlobals) = postSolution
		SolutionGuid = {CE484AE2-10C0-4B7F-8D25-E09E40F65A08}
	EndGlobalSection
EndGlobal
